
Microsoft Visual Studio Solution File, Format Version 12.00
# Visual Studio 14
VisualStudioVersion = 14.0.24720.0
MinimumVisualStudioVersion = 10.0.40219.1
Project("{2150E333-8FDC-42A3-9474-1A3956D46DE8}") = "src", "src", "{5DBFF520-94C2-445B-BB6E-DE8A9565EF5E}"
EndProject
Project("{2150E333-8FDC-42A3-9474-1A3956D46DE8}") = "Solution Items", "Solution Items", "{6F705B42-1D43-41E4-80F2-44B38FA27976}"
	ProjectSection(SolutionItems) = preProject
		global.json = global.json
	EndProjectSection
EndProject
Project("{8BB2217D-0F2D-49D1-97BC-3654ED321F3B}") = "ASPCoreTest", "src\ASPCoreTest\ASPCoreTest.xproj", "{03A0AB7B-00CD-40BE-968F-F85068C2F74D}"
EndProject
Global
	GlobalSection(SolutionConfigurationPlatforms) = preSolution
		Debug|Any CPU = Debug|Any CPU
		Release|Any CPU = Release|Any CPU
	EndGlobalSection
	GlobalSection(ProjectConfigurationPlatforms) = postSolution
		{03A0AB7B-00CD-40BE-968F-F85068C2F74D}.Debug|Any CPU.ActiveCfg = Debug|Any CPU
		{03A0AB7B-00CD-40BE-968F-F85068C2F74D}.Debug|Any CPU.Build.0 = Debug|Any CPU
		{03A0AB7B-00CD-40BE-968F-F85068C2F74D}.Release|Any CPU.ActiveCfg = Release|Any CPU
		{03A0AB7B-00CD-40BE-968F-F85068C2F74D}.Release|Any CPU.Build.0 = Release|Any CPU
	EndGlobalSection
	GlobalSection(SolutionProperties) = preSolution
		HideSolutionNode = FALSE
	EndGlobalSection
	GlobalSection(NestedProjects) = preSolution
		{03A0AB7B-00CD-40BE-968F-F85068C2F74D} = {5DBFF520-94C2-445B-BB6E-DE8A9565EF5E}
	EndGlobalSection
EndGlobal
